
Microsoft Visual Studio Solution File, Format Version 12.00
# Visual Studio Version 17
VisualStudioVersion = 17.5.33424.131
MinimumVisualStudioVersion = 10.0.40219.1
Project("{9A19103F-16F7-4668-BE54-9A1E7A4F7556}") = "BlazorComponent", "BlazorComponent.csproj", "{77FA44EC-8AFF-4482-B220-CD8DBE9AA24C}"
EndProject
Global
	GlobalSection(SolutionConfigurationPlatforms) = preSolution
		Debug|Any CPU = Debug|Any CPU
		Release|Any CPU = Release|Any CPU
	EndGlobalSection
	GlobalSection(ProjectConfigurationPlatforms) = postSolution
		{77FA44EC-8AFF-4482-B220-CD8DBE9AA24C}.Debug|Any CPU.ActiveCfg = Debug|Any CPU
		{77FA44EC-8AFF-4482-B220-CD8DBE9AA24C}.Debug|Any CPU.Build.0 = Debug|Any CPU
		{77FA44EC-8AFF-4482-B220-CD8DBE9AA24C}.Release|Any CPU.ActiveCfg = Release|Any CPU
		{77FA44EC-8AFF-4482-B220-CD8DBE9AA24C}.Release|Any CPU.Build.0 = Release|Any CPU
	EndGlobalSection
	GlobalSection(SolutionProperties) = preSolution
		HideSolutionNode = FALSE
	EndGlobalSection
	GlobalSection(ExtensibilityGlobals) = postSolution
		SolutionGuid = {4CB59060-DE1F-477B-B544-7F7CF785ECCC}
	EndGlobalSection
EndGlobal
